
Microsoft Visual Studio Solution File, Format Version 12.00
# Visual Studio Version 17
VisualStudioVersion = 17.2.32505.173
MinimumVisualStudioVersion = 10.0.40219.1
Project("{9A19103F-16F7-4668-BE54-9A1E7A4F7556}") = "PRN_SE1629_OOP", "PRN_SE1629_OOP\PRN_SE1629_OOP.csproj", "{552FB274-F22D-4A70-8BBA-FFF604B7870C}"
EndProject
Project("{FAE04EC0-301F-11D3-BF4B-00C04F79EFBC}") = "SE_1629_PRODUCT_MANAGER", "SE_1629_PRODUCT_MANAGER\SE_1629_PRODUCT_MANAGER.csproj", "{20AB7A4B-32AB-457A-BC7E-0B9923F29872}"
EndProject
Global
	GlobalSection(SolutionConfigurationPlatforms) = preSolution
		Debug|Any CPU = Debug|Any CPU
		Release|Any CPU = Release|Any CPU
	EndGlobalSection
	GlobalSection(ProjectConfigurationPlatforms) = postSolution
		{552FB274-F22D-4A70-8BBA-FFF604B7870C}.Debug|Any CPU.ActiveCfg = Debug|Any CPU
		{552FB274-F22D-4A70-8BBA-FFF604B7870C}.Debug|Any CPU.Build.0 = Debug|Any CPU
		{552FB274-F22D-4A70-8BBA-FFF604B7870C}.Release|Any CPU.ActiveCfg = Release|Any CPU
		{552FB274-F22D-4A70-8BBA-FFF604B7870C}.Release|Any CPU.Build.0 = Release|Any CPU
		{20AB7A4B-32AB-457A-BC7E-0B9923F29872}.Debug|Any CPU.ActiveCfg = Debug|Any CPU
		{20AB7A4B-32AB-457A-BC7E-0B9923F29872}.Debug|Any CPU.Build.0 = Debug|Any CPU
		{20AB7A4B-32AB-457A-BC7E-0B9923F29872}.Release|Any CPU.ActiveCfg = Release|Any CPU
		{20AB7A4B-32AB-457A-BC7E-0B9923F29872}.Release|Any CPU.Build.0 = Release|Any CPU
	EndGlobalSection
	GlobalSection(SolutionProperties) = preSolution
		HideSolutionNode = FALSE
	EndGlobalSection
	GlobalSection(ExtensibilityGlobals) = postSolution
		SolutionGuid = {92B88DD1-49C8-4AD8-B156-2A0155E106A9}
	EndGlobalSection
EndGlobal
